// !$*UTF8*$!
{
	archiveVersion = 1;
	classes = {
	};
	objectVersion = 55;
	objects = {

/* Begin PBXBuildFile section */
		E94FFE16288E02B9005DE3C2 /* AppDelegate.swift in Sources */ = {isa = PBXBuildFile; fileRef = E94FFE15288E02B9005DE3C2 /* AppDelegate.swift */; };
		E94FFE18288E02B9005DE3C2 /* SceneDelegate.swift in Sources */ = {isa = PBXBuildFile; fileRef = E94FFE17288E02B9005DE3C2 /* SceneDelegate.swift */; };
		E94FFE1A288E02B9005DE3C2 /* PhotoGridCollectionViewController.swift in Sources */ = {isa = PBXBuildFile; fileRef = E94FFE19288E02B9005DE3C2 /* PhotoGridCollectionViewController.swift */; };
		E94FFE1F288E02BD005DE3C2 /* Assets.xcassets in Resources */ = {isa = PBXBuildFile; fileRef = E94FFE1E288E02BD005DE3C2 /* Assets.xcassets */; };
		E94FFE22288E02BD005DE3C2 /* LaunchScreen.storyboard in Resources */ = {isa = PBXBuildFile; fileRef = E94FFE20288E02BD005DE3C2 /* LaunchScreen.storyboard */; };
		E995353A288E05DD00AD7040 /* ColoredCell.swift in Sources */ = {isa = PBXBuildFile; fileRef = E9953539288E05DD00AD7040 /* ColoredCell.swift */; };
		E995353C288EE64E00AD7040 /* SectionTitleHeader.swift in Sources */ = {isa = PBXBuildFile; fileRef = E995353B288EE64E00AD7040 /* SectionTitleHeader.swift */; };
		E995353F288F281400AD7040 /* LoremSwiftum in Frameworks */ = {isa = PBXBuildFile; productRef = E995353E288F281400AD7040 /* LoremSwiftum */; };
/* End PBXBuildFile section */

/* Begin PBXFileReference section */
		E94FFE12288E02B9005DE3C2 /* DragDropCollectionViewDemo.app */ = {isa = PBXFileReference; explicitFileType = wrapper.application; includeInIndex = 0; path = DragDropCollectionViewDemo.app; sourceTree = BUILT_PRODUCTS_DIR; };
		E94FFE15288E02B9005DE3C2 /* AppDelegate.swift */ = {isa = PBXFileReference; lastKnownFileType = sourcecode.swift; path = AppDelegate.swift; sourceTree = "<group>"; };
		E94FFE17288E02B9005DE3C2 /* SceneDelegate.swift */ = {isa = PBXFileReference; lastKnownFileType = sourcecode.swift; path = SceneDelegate.swift; sourceTree = "<group>"; };
		E94FFE19288E02B9005DE3C2 /* PhotoGridCollectionViewController.swift */ = {isa = PBXFileReference; lastKnownFileType = sourcecode.swift; path = PhotoGridCollectionViewController.swift; sourceTree = "<group>"; };
		E94FFE1E288E02BD005DE3C2 /* Assets.xcassets */ = {isa = PBXFileReference; lastKnownFileType = folder.assetcatalog; path = Assets.xcassets; sourceTree = "<group>"; };
		E94FFE21288E02BD005DE3C2 /* Base */ = {isa = PBXFileReference; lastKnownFileType = file.storyboard; name = Base; path = Base.lproj/LaunchScreen.storyboard; sourceTree = "<group>"; };
		E94FFE23288E02BD005DE3C2 /* Info.plist */ = {isa = PBXFileReference; lastKnownFileType = text.plist.xml; path = Info.plist; sourceTree = "<group>"; };
		E9953539288E05DD00AD7040 /* ColoredCell.swift */ = {isa = PBXFileReference; lastKnownFileType = sourcecode.swift; path = ColoredCell.swift; sourceTree = "<group>"; };
		E995353B288EE64E00AD7040 /* SectionTitleHeader.swift */ = {isa = PBXFileReference; lastKnownFileType = sourcecode.swift; path = SectionTitleHeader.swift; sourceTree = "<group>"; };
/* End PBXFileReference section */

/* Begin PBXFrameworksBuildPhase section */
		E94FFE0F288E02B9005DE3C2 /* Frameworks */ = {
			isa = PBXFrameworksBuildPhase;
			buildActionMask = 2147483647;
			files = (
				E995353F288F281400AD7040 /* LoremSwiftum in Frameworks */,
			);
			runOnlyForDeploymentPostprocessing = 0;
		};
/* End PBXFrameworksBuildPhase section */

/* Begin PBXGroup section */
		E94FFE09288E02B9005DE3C2 = {
			isa = PBXGroup;
			children = (
				E94FFE14288E02B9005DE3C2 /* DragDropCollectionViewDemo */,
				E94FFE13288E02B9005DE3C2 /* Products */,
			);
			sourceTree = "<group>";
		};
		E94FFE13288E02B9005DE3C2 /* Products */ = {
			isa = PBXGroup;
			children = (
				E94FFE12288E02B9005DE3C2 /* DragDropCollectionViewDemo.app */,
			);
			name = Products;
			sourceTree = "<group>";
		};
		E94FFE14288E02B9005DE3C2 /* DragDropCollectionViewDemo */ = {
			isa = PBXGroup;
			children = (
				E94FFE15288E02B9005DE3C2 /* AppDelegate.swift */,
				E94FFE17288E02B9005DE3C2 /* SceneDelegate.swift */,
				E94FFE19288E02B9005DE3C2 /* PhotoGridCollectionViewController.swift */,
				E94FFE1E288E02BD005DE3C2 /* Assets.xcassets */,
				E94FFE20288E02BD005DE3C2 /* LaunchScreen.storyboard */,
				E94FFE23288E02BD005DE3C2 /* Info.plist */,
				E9953539288E05DD00AD7040 /* ColoredCell.swift */,
				E995353B288EE64E00AD7040 /* SectionTitleHeader.swift */,
			);
			path = DragDropCollectionViewDemo;
			sourceTree = "<group>";
		};
/* End PBXGroup section */

/* Begin PBXNativeTarget section */
		E94FFE11288E02B9005DE3C2 /* DragDropCollectionViewDemo */ = {
			isa = PBXNativeTarget;
			buildConfigurationList = E94FFE26288E02BD005DE3C2 /* Build configuration list for PBXNativeTarget "DragDropCollectionViewDemo" */;
			buildPhases = (
				E94FFE0E288E02B9005DE3C2 /* Sources */,
				E94FFE0F288E02B9005DE3C2 /* Frameworks */,
				E94FFE10288E02B9005DE3C2 /* Resources */,
			);
			buildRules = (
			);
			dependencies = (
			);
			name = DragDropCollectionViewDemo;
			packageProductDependencies = (
				E995353E288F281400AD7040 /* LoremSwiftum */,
			);
			productName = DragDropCollectionViewDemo;
			productReference = E94FFE12288E02B9005DE3C2 /* DragDropCollectionViewDemo.app */;
			productType = "com.apple.product-type.application";
		};
/* End PBXNativeTarget section */

/* Begin PBXProject section */
		E94FFE0A288E02B9005DE3C2 /* Project object */ = {
			isa = PBXProject;
			attributes = {
				BuildIndependentTargetsInParallel = 1;
				LastSwiftUpdateCheck = 1340;
				LastUpgradeCheck = 1340;
				TargetAttributes = {
					E94FFE11288E02B9005DE3C2 = {
						CreatedOnToolsVersion = 13.4.1;
					};
				};
			};
			buildConfigurationList = E94FFE0D288E02B9005DE3C2 /* Build configuration list for PBXProject "DragDropCollectionViewDemo" */;
			compatibilityVersion = "Xcode 13.0";
			developmentRegion = en;
			hasScannedForEncodings = 0;
			knownRegions = (
				en,
				Base,
			);
			mainGroup = E94FFE09288E02B9005DE3C2;
			packageReferences = (
				E995353D288F281300AD7040 /* XCRemoteSwiftPackageReference "LoremSwiftum" */,
			);
			productRefGroup = E94FFE13288E02B9005DE3C2 /* Products */;
			projectDirPath = "";
			projectRoot = "";
			targets = (
				E94FFE11288E02B9005DE3C2 /* DragDropCollectionViewDemo */,
			);
		};
/* End PBXProject section */

/* Begin PBXResourcesBuildPhase section */
		E94FFE10288E02B9005DE3C2 /* Resources */ = {
			isa = PBXResourcesBuildPhase;
			buildActionMask = 2147483647;
			files = (
				E94FFE22288E02BD005DE3C2 /* LaunchScreen.storyboard in Resources */,
				E94FFE1F288E02BD005DE3C2 /* Assets.xcassets in Resources */,
			);
			runOnlyForDeploymentPostprocessing = 0;
		};
/* End PBXResourcesBuildPhase section */

/* Begin PBXSourcesBuildPhase section */
		E94FFE0E288E02B9005DE3C2 /* Sources */ = {
			isa = PBXSourcesBuildPhase;
			buildActionMask = 2147483647;
			files = (
				E995353A288E05DD00AD7040 /* ColoredCell.swift in Sources */,
				E94FFE1A288E02B9005DE3C2 /* PhotoGridCollectionViewController.swift in Sources */,
				E94FFE16288E02B9005DE3C2 /* AppDelegate.swift in Sources */,
				E94FFE18288E02B9005DE3C2 /* SceneDelegate.swift in Sources */,
				E995353C288EE64E00AD7040 /* SectionTitleHeader.swift in Sources */,
			);
			runOnlyForDeploymentPostprocessing = 0;
		};
/* End PBXSourcesBuildPhase section */

/* Begin PBXVariantGroup section */
		E94FFE20288E02BD005DE3C2 /* LaunchScreen.storyboard */ = {
			isa = PBXVariantGroup;
			children = (
				E94FFE21288E02BD005DE3C2 /* Base */,
			);
			name = LaunchScreen.storyboard;
			sourceTree = "<group>";
		};
/* End PBXVariantGroup section */

/* Begin XCBuildConfiguration section */
		E94FFE24288E02BD005DE3C2 /* Debug */ = {
			isa = XCBuildConfiguration;
			buildSettings = {
				ALWAYS_SEARCH_USER_PATHS = NO;
				CLANG_ANALYZER_NONNULL = YES;
				CLANG_ANALYZER_NUMBER_OBJECT_CONVERSION = YES_AGGRESSIVE;
				CLANG_CXX_LANGUAGE_STANDARD = "gnu++17";
				CLANG_ENABLE_MODULES = YES;
				CLANG_ENABLE_OBJC_ARC = YES;
				CLANG_ENABLE_OBJC_WEAK = YES;
				CLANG_WARN_BLOCK_CAPTURE_AUTORELEASING = YES;
				CLANG_WARN_BOOL_CONVERSION = YES;
				CLANG_WARN_COMMA = YES;
				CLANG_WARN_CONSTANT_CONVERSION = YES;
				CLANG_WARN_DEPRECATED_OBJC_IMPLEMENTATIONS = YES;
				CLANG_WARN_DIRECT_OBJC_ISA_USAGE = YES_ERROR;
				CLANG_WARN_DOCUMENTATION_COMMENTS = YES;
				CLANG_WARN_EMPTY_BODY = YES;
				CLANG_WARN_ENUM_CONVERSION = YES;
				CLANG_WARN_INFINITE_RECURSION = YES;
				CLANG_WARN_INT_CONVERSION = YES;
				CLANG_WARN_NON_LITERAL_NULL_CONVERSION = YES;
				CLANG_WARN_OBJC_IMPLICIT_RETAIN_SELF = YES;
				CLANG_WARN_OBJC_LITERAL_CONVERSION = YES;
				CLANG_WARN_OBJC_ROOT_CLASS = YES_ERROR;
				CLANG_WARN_QUOTED_INCLUDE_IN_FRAMEWORK_HEADER = YES;
				CLANG_WARN_RANGE_LOOP_ANALYSIS = YES;
				CLANG_WARN_STRICT_PROTOTYPES = YES;
				CLANG_WARN_SUSPICIOUS_MOVE = YES;
				CLANG_WARN_UNGUARDED_AVAILABILITY = YES_AGGRESSIVE;
				CLANG_WARN_UNREACHABLE_CODE = YES;
				CLANG_WARN__DUPLICATE_METHOD_MATCH = YES;
				COPY_PHASE_STRIP = NO;
				DEBUG_INFORMATION_FORMAT = dwarf;
				ENABLE_STRICT_OBJC_MSGSEND = YES;
				ENABLE_TESTABILITY = YES;
				GCC_C_LANGUAGE_STANDARD = gnu11;
				GCC_DYNAMIC_NO_PIC = NO;
				GCC_NO_COMMON_BLOCKS = YES;
				GCC_OPTIMIZATION_LEVEL = 0;
				GCC_PREPROCESSOR_DEFINITIONS = (
					"DEBUG=1",
					"$(inherited)",
				);
				GCC_WARN_64_TO_32_BIT_CONVERSION = YES;
				GCC_WARN_ABOUT_RETURN_TYPE = YES_ERROR;
				GCC_WARN_UNDECLARED_SELECTOR = YES;
				GCC_WARN_UNINITIALIZED_AUTOS = YES_AGGRESSIVE;
				GCC_WARN_UNUSED_FUNCTION = YES;
				GCC_WARN_UNUSED_VARIABLE = YES;
				IPHONEOS_DEPLOYMENT_TARGET = 15.5;
				MTL_ENABLE_DEBUG_INFO = INCLUDE_SOURCE;
				MTL_FAST_MATH = YES;
				ONLY_ACTIVE_ARCH = YES;
				SDKROOT = iphoneos;
				SWIFT_ACTIVE_COMPILATION_CONDITIONS = DEBUG;
				SWIFT_OPTIMIZATION_LEVEL = "-Onone";
			};
			name = Debug;
		};
		E94FFE25288E02BD005DE3C2 /* Release */ = {
			isa = XCBuildConfiguration;
			buildSettings = {
				ALWAYS_SEARCH_USER_PATHS = NO;
				CLANG_ANALYZER_NONNULL = YES;
				CLANG_ANALYZER_NUMBER_OBJECT_CONVERSION = YES_AGGRESSIVE;
				CLANG_CXX_LANGUAGE_STANDARD = "gnu++17";
				CLANG_ENABLE_MODULES = YES;
				CLANG_ENABLE_OBJC_ARC = YES;
				CLANG_ENABLE_OBJC_WEAK = YES;
				CLANG_WARN_BLOCK_CAPTURE_AUTORELEASING = YES;
				CLANG_WARN_BOOL_CONVERSION = YES;
				CLANG_WARN_COMMA = YES;
				CLANG_WARN_CONSTANT_CONVERSION = YES;
				CLANG_WARN_DEPRECATED_OBJC_IMPLEMENTATIONS = YES;
				CLANG_WARN_DIRECT_OBJC_ISA_USAGE = YES_ERROR;
				CLANG_WARN_DOCUMENTATION_COMMENTS = YES;
				CLANG_WARN_EMPTY_BODY = YES;
				CLANG_WARN_ENUM_CONVERSION = YES;
				CLANG_WARN_INFINITE_RECURSION = YES;
				CLANG_WARN_INT_CONVERSION = YES;
				CLANG_WARN_NON_LITERAL_NULL_CONVERSION = YES;
				CLANG_WARN_OBJC_IMPLICIT_RETAIN_SELF = YES;
				CLANG_WARN_OBJC_LITERAL_CONVERSION = YES;
				CLANG_WARN_OBJC_ROOT_CLASS = YES_ERROR;
				CLANG_WARN_QUOTED_INCLUDE_IN_FRAMEWORK_HEADER = YES;
				CLANG_WARN_RANGE_LOOP_ANALYSIS = YES;
				CLANG_WARN_STRICT_PROTOTYPES = YES;
				CLANG_WARN_SUSPICIOUS_MOVE = YES;
				CLANG_WARN_UNGUARDED_AVAILABILITY = YES_AGGRESSIVE;
				CLANG_WARN_UNREACHABLE_CODE = YES;
				CLANG_WARN__DUPLICATE_METHOD_MATCH = YES;
				COPY_PHASE_STRIP = NO;
				DEBUG_INFORMATION_FORMAT = "dwarf-with-dsym";
				ENABLE_NS_ASSERTIONS = NO;
				ENABLE_STRICT_OBJC_MSGSEND = YES;
				GCC_C_LANGUAGE_STANDARD = gnu11;
				GCC_NO_COMMON_BLOCKS = YES;
				GCC_WARN_64_TO_32_BIT_CONVERSION = YES;
				GCC_WARN_ABOUT_RETURN_TYPE = YES_ERROR;
				GCC_WARN_UNDECLARED_SELECTOR = YES;
				GCC_WARN_UNINITIALIZED_AUTOS = YES_AGGRESSIVE;
				GCC_WARN_UNUSED_FUNCTION = YES;
				GCC_WARN_UNUSED_VARIABLE = YES;
				IPHONEOS_DEPLOYMENT_TARGET = 15.5;
				MTL_ENABLE_DEBUG_INFO = NO;
				MTL_FAST_MATH = YES;
				SDKROOT = iphoneos;
				SWIFT_COMPILATION_MODE = wholemodule;
				SWIFT_OPTIMIZATION_LEVEL = "-O";
				VALIDATE_PRODUCT = YES;
			};
			name = Release;
		};
		E94FFE27288E02BD005DE3C2 /* Debug */ = {
			isa = XCBuildConfiguration;
			buildSettings = {
				ASSETCATALOG_COMPILER_APPICON_NAME = AppIcon;
				ASSETCATALOG_COMPILER_GLOBAL_ACCENT_COLOR_NAME = AccentColor;
				CODE_SIGN_STYLE = Automatic;
				CURRENT_PROJECT_VERSION = 1;
				DEVELOPMENT_TEAM = M6D9BZ85YH;
				GENERATE_INFOPLIST_FILE = YES;
				INFOPLIST_FILE = DragDropCollectionViewDemo/Info.plist;
				INFOPLIST_KEY_UIApplicationSupportsIndirectInputEvents = YES;
				INFOPLIST_KEY_UILaunchStoryboardName = LaunchScreen;
				INFOPLIST_KEY_UISupportedInterfaceOrientations = UIInterfaceOrientationPortrait;
				INFOPLIST_KEY_UISupportedInterfaceOrientations_iPad = "UIInterfaceOrientationPortrait UIInterfaceOrientationPortraitUpsideDown UIInterfaceOrientationLandscapeLeft UIInterfaceOrientationLandscapeRight";
				INFOPLIST_KEY_UISupportedInterfaceOrientations_iPhone = "UIInterfaceOrientationPortrait UIInterfaceOrientationLandscapeLeft UIInterfaceOrientationLandscapeRight";
				IPHONEOS_DEPLOYMENT_TARGET = 14.0;
				LD_RUNPATH_SEARCH_PATHS = (
					"$(inherited)",
					"@executable_path/Frameworks",
				);
				MARKETING_VERSION = 1.0;
				PRODUCT_BUNDLE_IDENTIFIER = samisays11.DragDropCollectionViewDemo;
				PRODUCT_NAME = "$(TARGET_NAME)";
				SWIFT_EMIT_LOC_STRINGS = YES;
				SWIFT_VERSION = 5.0;
				TARGETED_DEVICE_FAMILY = 1;
			};
			name = Debug;
		};
		E94FFE28288E02BD005DE3C2 /* Release */ = {
			isa = XCBuildConfiguration;
			buildSettings = {
				ASSETCATALOG_COMPILER_APPICON_NAME = AppIcon;
				ASSETCATALOG_COMPILER_GLOBAL_ACCENT_COLOR_NAME = AccentColor;
				CODE_SIGN_STYLE = Automatic;
				CURRENT_PROJECT_VERSION = 1;
				DEVELOPMENT_TEAM = M6D9BZ85YH;
				GENERATE_INFOPLIST_FILE = YES;
				INFOPLIST_FILE = DragDropCollectionViewDemo/Info.plist;
				INFOPLIST_KEY_UIApplicationSupportsIndirectInputEvents = YES;
				INFOPLIST_KEY_UILaunchStoryboardName = LaunchScreen;
				INFOPLIST_KEY_UISupportedInterfaceOrientations = UIInterfaceOrientationPortrait;
				INFOPLIST_KEY_UISupportedInterfaceOrientations_iPad = "UIInterfaceOrientationPortrait UIInterfaceOrientationPortraitUpsideDown UIInterfaceOrientationLandscapeLeft UIInterfaceOrientationLandscapeRight";
				INFOPLIST_KEY_UISupportedInterfaceOrientations_iPhone = "UIInterfaceOrientationPortrait UIInterfaceOrientationLandscapeLeft UIInterfaceOrientationLandscapeRight";
				IPHONEOS_DEPLOYMENT_TARGET = 14.0;
				LD_RUNPATH_SEARCH_PATHS = (
					"$(inherited)",
					"@executable_path/Frameworks",
				);
				MARKETING_VERSION = 1.0;
				PRODUCT_BUNDLE_IDENTIFIER = samisays11.DragDropCollectionViewDemo;
				PRODUCT_NAME = "$(TARGET_NAME)";
				SWIFT_EMIT_LOC_STRINGS = YES;
				SWIFT_VERSION = 5.0;
				TARGETED_DEVICE_FAMILY = 1;
			};
			name = Release;
		};
/* End XCBuildConfiguration section */

/* Begin XCConfigurationList section */
		E94FFE0D288E02B9005DE3C2 /* Build configuration list for PBXProject "DragDropCollectionViewDemo" */ = {
			isa = XCConfigurationList;
			buildConfigurations = (
				E94FFE24288E02BD005DE3C2 /* Debug */,
				E94FFE25288E02BD005DE3C2 /* Release */,
			);
			defaultConfigurationIsVisible = 0;
			defaultConfigurationName = Release;
		};
		E94FFE26288E02BD005DE3C2 /* Build configuration list for PBXNativeTarget "DragDropCollectionViewDemo" */ = {
			isa = XCConfigurationList;
			buildConfigurations = (
				E94FFE27288E02BD005DE3C2 /* Debug */,
				E94FFE28288E02BD005DE3C2 /* Release */,
			);
			defaultConfigurationIsVisible = 0;
			defaultConfigurationName = Release;
		};
/* End XCConfigurationList section */

/* Begin XCRemoteSwiftPackageReference section */
		E995353D288F281300AD7040 /* XCRemoteSwiftPackageReference "LoremSwiftum" */ = {
			isa = XCRemoteSwiftPackageReference;
			repositoryURL = "https://github.com/lukaskubanek/LoremSwiftum.git";
			requirement = {
				branch = master;
				kind = branch;
			};
		};
/* End XCRemoteSwiftPackageReference section */

/* Begin XCSwiftPackageProductDependency section */
		E995353E288F281400AD7040 /* LoremSwiftum */ = {
			isa = XCSwiftPackageProductDependency;
			package = E995353D288F281300AD7040 /* XCRemoteSwiftPackageReference "LoremSwiftum" */;
			productName = LoremSwiftum;
		};
/* End XCSwiftPackageProductDependency section */
	};
	rootObject = E94FFE0A288E02B9005DE3C2 /* Project object */;
}
